<?xml version="1.0" encoding="utf-8"?>
<Project ToolsVersion="4.0" xmlns="http://schemas.microsoft.com/developer/msbuild/2003">
  <ItemGroup>
    <Filter Include="소스 파일">
      <UniqueIdentifier>{4FC737F1-C7A5-4376-A066-2A32D752A2FF}</UniqueIdentifier>
      <Extensions>cpp;c;cc;cxx;c++;cppm;ixx;def;odl;idl;hpj;bat;asm;asmx</Extensions>
    </Filter>
    <Filter Include="헤더 파일">
      <UniqueIdentifier>{93995380-89BD-4b04-88EB-625FBE52EBFB}</UniqueIdentifier>
      <Extensions>h;hh;hpp;hxx;h++;hm;inl;inc;ipp;xsd</Extensions>
    </Filter>
    <Filter Include="리소스 파일">
      <UniqueIdentifier>{67DA6AB6-F800-4c08-8B7A-83BB121AAD01}</UniqueIdentifier>
      <Extensions>rc;ico;cur;bmp;dlg;rc2;rct;bin;rgs;gif;jpg;jpeg;jpe;resx;tiff;tif;png;wav;mfcribbon-ms</Extensions>
    </Filter>
    <Filter Include="헤더 파일\5월">
      <UniqueIdentifier>{b8f7c374-ae6c-49ed-8415-3256ac051557}</UniqueIdentifier>
    </Filter>
    <Filter Include="헤더 파일\실습">
      <UniqueIdentifier>{21360292-2153-41ec-bd93-418a43cb5328}</UniqueIdentifier>
    </Filter>
    <Filter Include="소스 파일\실습">
      <UniqueIdentifier>{1441bfd1-a060-4989-aa69-3d77bacafb05}</UniqueIdentifier>
    </Filter>
    <Filter Include="소스 파일\수업">
      <UniqueIdentifier>{957cb4d6-cb00-43a6-a14c-29dac91616f9}</UniqueIdentifier>
    </Filter>
    <Filter Include="소스 파일\개인">
      <UniqueIdentifier>{e3be319c-0896-4e5b-9a4b-5d8b3725f7dc}</UniqueIdentifier>
    </Filter>
    <Filter Include="헤더 파일\개인">
      <UniqueIdentifier>{2bcbe0fb-0676-427c-b78c-7f051ceb9413}</UniqueIdentifier>
    </Filter>
    <Filter Include="소스 파일\개인\공부">
      <UniqueIdentifier>{6192ef6a-d666-4dd0-880c-0feac4f8859a}</UniqueIdentifier>
    </Filter>
    <Filter Include="헤더 파일\개인\공부">
      <UniqueIdentifier>{1762c6d0-ce6c-48a7-8e48-04ddef8d06a1}</UniqueIdentifier>
    </Filter>
    <Filter Include="헤더 파일\메모장">
      <UniqueIdentifier>{5cddd7ce-2001-4d31-b6aa-d08049093d3a}</UniqueIdentifier>
    </Filter>
    <Filter Include="Maze">
      <UniqueIdentifier>{fdc573b5-e205-4540-a2eb-265d100db557}</UniqueIdentifier>
    </Filter>
    <Filter Include="헤더 파일\과제">
      <UniqueIdentifier>{455b109f-3e13-4dca-9c73-5cfa5deb1654}</UniqueIdentifier>
    </Filter>
    <Filter Include="소스 파일\과제">
      <UniqueIdentifier>{52373173-c590-473e-a150-3e8baa717fe3}</UniqueIdentifier>
    </Filter>
    <Filter Include="소스 파일\메인">
      <UniqueIdentifier>{4666b952-a281-415a-b45d-08497946c919}</UniqueIdentifier>
    </Filter>
    <Filter Include="헤더 파일\6월">
      <UniqueIdentifier>{a578d423-171d-4fdb-b31f-665f802fdeb9}</UniqueIdentifier>
    </Filter>
    <Filter Include="Maze\Maze_Header">
      <UniqueIdentifier>{fc5473ba-3798-4d75-901e-53096ede8e52}</UniqueIdentifier>
    </Filter>
    <Filter Include="Maze\Maze_cpp">
      <UniqueIdentifier>{45149ec5-7f34-4d96-8b78-46b03d045f44}</UniqueIdentifier>
    </Filter>
    <Filter Include="소스 파일\수업\5월">
      <UniqueIdentifier>{f022c98c-5140-4272-983c-f1aef98edfd5}</UniqueIdentifier>
    </Filter>
    <Filter Include="소스 파일\수업\6월">
      <UniqueIdentifier>{042f2470-50f6-49ce-9843-58932333d46a}</UniqueIdentifier>
    </Filter>
    <Filter Include="DataStructure">
      <UniqueIdentifier>{28e0103e-af57-4f6e-ba2e-d3af283aab36}</UniqueIdentifier>
    </Filter>
    <Filter Include="DataStructure\DataStructure_Cpp">
      <UniqueIdentifier>{c167aa66-15d5-4d8d-99ef-52b8e1e8bcfa}</UniqueIdentifier>
    </Filter>
    <Filter Include="DataStructure\DataStructure_Header">
      <UniqueIdentifier>{1d32b17a-a697-44c0-a019-50cfb972dd2c}</UniqueIdentifier>
    </Filter>
    <Filter Include="BattleShip">
      <UniqueIdentifier>{ff3ebb8d-d189-4973-bf2f-74e2eb18b579}</UniqueIdentifier>
    </Filter>
  </ItemGroup>
  <ItemGroup>
    <ClCompile Include="Day0521_Practice_1.cpp">
      <Filter>소스 파일\실습</Filter>
    </ClCompile>
    <ClCompile Include="Day0521_Practice_2.cpp">
      <Filter>소스 파일\실습</Filter>
    </ClCompile>
    <ClCompile Include="Day0521_Practice_3.cpp">
      <Filter>소스 파일\실습</Filter>
    </ClCompile>
    <ClCompile Include="0521_.cpp">
      <Filter>소스 파일\개인\공부</Filter>
    </ClCompile>
    <ClCompile Include="Day0529_Pratice.cpp">
      <Filter>소스 파일\실습</Filter>
    </ClCompile>
    <ClCompile Include="Weekend_Practice0523.cpp">
      <Filter>소스 파일\과제</Filter>
    </ClCompile>
    <ClCompile Include="Weekend_Practice0529_1.cpp">
      <Filter>소스 파일\과제</Filter>
    </ClCompile>
    <ClCompile Include="Unreal10th_woojin_Main.cpp">
      <Filter>소스 파일\메인</Filter>
    </ClCompile>
    <ClCompile Include="Weekend_Practice0529_2.cpp">
      <Filter>소스 파일\과제</Filter>
    </ClCompile>
    <ClCompile Include="Weekend_Practice0523_Solution.cpp">
      <Filter>소스 파일\과제</Filter>
    </ClCompile>
    <ClCompile Include="Enemy.cpp">
      <Filter>Maze\Maze_cpp</Filter>
    </ClCompile>
    <ClCompile Include="Player.cpp">
      <Filter>Maze\Maze_cpp</Filter>
    </ClCompile>
    <ClCompile Include="Actor.cpp">
      <Filter>Maze\Maze_cpp</Filter>
    </ClCompile>
    <ClCompile Include="Day0521_2.cpp">
      <Filter>소스 파일\수업\5월</Filter>
    </ClCompile>
    <ClCompile Include="Day0522.cpp">
      <Filter>소스 파일\수업\5월</Filter>
    </ClCompile>
    <ClCompile Include="Day0526.cpp">
      <Filter>소스 파일\수업\5월</Filter>
    </ClCompile>
    <ClCompile Include="Day0527.cpp">
      <Filter>소스 파일\수업\5월</Filter>
    </ClCompile>
    <ClCompile Include="Day0528.cpp">
      <Filter>소스 파일\수업\5월</Filter>
    </ClCompile>
    <ClCompile Include="Day0529.cpp">
      <Filter>소스 파일\수업\5월</Filter>
    </ClCompile>
    <ClCompile Include="Utils.cpp">
      <Filter>소스 파일\수업\5월</Filter>
    </ClCompile>
    <ClCompile Include="Day0605.cpp">
      <Filter>소스 파일\수업\6월</Filter>
    </ClCompile>
    <ClCompile Include="Day0602.cpp">
      <Filter>소스 파일\수업\6월</Filter>
    </ClCompile>
    <ClCompile Include="LinkedList.cpp">
      <Filter>DataStructure\DataStructure_Cpp</Filter>
    </ClCompile>
    <ClCompile Include="DArray.cpp">
      <Filter>DataStructure\DataStructure_Cpp</Filter>
    </ClCompile>
    <ClCompile Include="Weekend_Practice0605_BattleShip_Solution.cpp">
      <Filter>BattleShip</Filter>
    </ClCompile>
    <ClCompile Include="HiddenMap.cpp">
      <Filter>소스 파일</Filter>
    </ClCompile>
    <ClCompile Include="Map.cpp">
      <Filter>소스 파일</Filter>
    </ClCompile>
    <ClCompile Include="PlayerMap.cpp">
      <Filter>소스 파일</Filter>
    </ClCompile>
    <ClCompile Include="Ship.cpp">
      <Filter>BattleShip</Filter>
    </ClCompile>
    <ClCompile Include="ShipManager.cpp">
      <Filter>BattleShip</Filter>
    </ClCompile>
  </ItemGroup>
  <ItemGroup>
    <ClInclude Include="Day0520.h">
      <Filter>헤더 파일\5월</Filter>
    </ClInclude>
    <ClInclude Include="Day0515.h">
      <Filter>헤더 파일\5월</Filter>
    </ClInclude>
    <ClInclude Include="Day0518.h">
      <Filter>헤더 파일\5월</Filter>
    </ClInclude>
    <ClInclude Include="Day0519.h">
      <Filter>헤더 파일\5월</Filter>
    </ClInclude>
    <ClInclude Include="Day0521.h">
      <Filter>헤더 파일\5월</Filter>
    </ClInclude>
    <ClInclude Include="Day0521_2.h">
      <Filter>헤더 파일\5월</Filter>
    </ClInclude>
    <ClInclude Include="Day0521_Practice_1.h">
      <Filter>헤더 파일\실습</Filter>
    </ClInclude>
    <ClInclude Include="Day0521_Practice_2.h">
      <Filter>헤더 파일\실습</Filter>
    </ClInclude>
    <ClInclude Include="Day0521_Practice_3.h">
      <Filter>헤더 파일\실습</Filter>
    </ClInclude>
    <ClInclude Include="0521_.h">
      <Filter>헤더 파일\개인\공부</Filter>
    </ClInclude>
    <ClInclude Include="Day0522.h">
      <Filter>헤더 파일\5월</Filter>
    </ClInclude>
    <ClInclude Include="Day0526.h">
      <Filter>헤더 파일\5월</Filter>
    </ClInclude>
    <ClInclude Include="Day0527.h">
      <Filter>헤더 파일\5월</Filter>
    </ClInclude>
    <ClInclude Include="메모장.h">
      <Filter>헤더 파일\메모장</Filter>
    </ClInclude>
    <ClInclude Include="Day0528.h">
      <Filter>헤더 파일\5월</Filter>
    </ClInclude>
    <ClInclude Include="Day0529.h">
      <Filter>헤더 파일\5월</Filter>
    </ClInclude>
    <ClInclude Include="Utils.h">
      <Filter>헤더 파일\5월</Filter>
    </ClInclude>
    <ClInclude Include="Day0529_Pratice.h">
      <Filter>헤더 파일\실습</Filter>
    </ClInclude>
    <ClInclude Include="Weekend_Practice0529_1.h">
      <Filter>헤더 파일\과제</Filter>
    </ClInclude>
    <ClInclude Include="Weekend_Practice0523.h">
      <Filter>헤더 파일\과제</Filter>
    </ClInclude>
    <ClInclude Include="Weekend_Practice0529_2.h">
      <Filter>헤더 파일\과제</Filter>
    </ClInclude>
    <ClInclude Include="Day0602.h">
      <Filter>헤더 파일\6월</Filter>
    </ClInclude>
    <ClInclude Include="Enemy.h">
      <Filter>Maze\Maze_Header</Filter>
    </ClInclude>
    <ClInclude Include="MazeCommon.h">
      <Filter>Maze\Maze_Header</Filter>
    </ClInclude>
    <ClInclude Include="Player.h">
      <Filter>Maze\Maze_Header</Filter>
    </ClInclude>
    <ClInclude Include="Actor.h">
      <Filter>Maze\Maze_Header</Filter>
    </ClInclude>
    <ClInclude Include="Monster.h">
      <Filter>Maze\Maze_Header</Filter>
    </ClInclude>
    <ClInclude Include="Day0605.h">
      <Filter>헤더 파일\6월</Filter>
    </ClInclude>
    <ClInclude Include="LinkedList.h">
      <Filter>DataStructure\DataStructure_Header</Filter>
    </ClInclude>
    <ClInclude Include="DArray.h">
      <Filter>DataStructure\DataStructure_Header</Filter>
    </ClInclude>
    <ClInclude Include="Weekend_Practice0605_BattleShip_Solution.h">
      <Filter>BattleShip</Filter>
    </ClInclude>
    <ClInclude Include="Map.h">
      <Filter>BattleShip</Filter>
    </ClInclude>
    <ClInclude Include="ShipManager.h">
      <Filter>BattleShip</Filter>
    </ClInclude>
    <ClInclude Include="Ship.h">
      <Filter>BattleShip</Filter>
    </ClInclude>
    <ClInclude Include="PlayerMap.h">
      <Filter>BattleShip</Filter>
    </ClInclude>
    <ClInclude Include="HiddenMap.h">
      <Filter>BattleShip</Filter>
    </ClInclude>
    <ClInclude Include="Position.h">
      <Filter>BattleShip</Filter>
    </ClInclude>
  </ItemGroup>
</Project>